
Microsoft Visual Studio Solution File, Format Version 12.00
# Visual Studio Version 17
VisualStudioVersion = 17.8.34511.84
MinimumVisualStudioVersion = 10.0.40219.1
Project("{FAE04EC0-301F-11D3-BF4B-00C04F79EFBC}") = "BinaryTree", "BinaryTree.csproj", "{B7EE903C-9A72-4BC7-9717-69FA5C38A950}"
EndProject
Project("{FAE04EC0-301F-11D3-BF4B-00C04F79EFBC}") = "BinaryTreeTest", "..\BinaryTreeTest\BinaryTreeTest.csproj", "{AD6C4393-64D1-4919-A757-D7FE3AA6C39A}"
EndProject
Global
	GlobalSection(SolutionConfigurationPlatforms) = preSolution
		Debug|Any CPU = Debug|Any CPU
		Release|Any CPU = Release|Any CPU
	EndGlobalSection
	GlobalSection(ProjectConfigurationPlatforms) = postSolution
		{B7EE903C-9A72-4BC7-9717-69FA5C38A950}.Debug|Any CPU.ActiveCfg = Debug|Any CPU
		{B7EE903C-9A72-4BC7-9717-69FA5C38A950}.Debug|Any CPU.Build.0 = Debug|Any CPU
		{B7EE903C-9A72-4BC7-9717-69FA5C38A950}.Release|Any CPU.ActiveCfg = Release|Any CPU
		{B7EE903C-9A72-4BC7-9717-69FA5C38A950}.Release|Any CPU.Build.0 = Release|Any CPU
		{AD6C4393-64D1-4919-A757-D7FE3AA6C39A}.Debug|Any CPU.ActiveCfg = Debug|Any CPU
		{AD6C4393-64D1-4919-A757-D7FE3AA6C39A}.Debug|Any CPU.Build.0 = Debug|Any CPU
		{AD6C4393-64D1-4919-A757-D7FE3AA6C39A}.Release|Any CPU.ActiveCfg = Release|Any CPU
		{AD6C4393-64D1-4919-A757-D7FE3AA6C39A}.Release|Any CPU.Build.0 = Release|Any CPU
	EndGlobalSection
	GlobalSection(SolutionProperties) = preSolution
		HideSolutionNode = FALSE
	EndGlobalSection
	GlobalSection(ExtensibilityGlobals) = postSolution
		SolutionGuid = {E6819757-F839-473B-A629-65B14FADA768}
	EndGlobalSection
EndGlobal
